
Microsoft Visual Studio Solution File, Format Version 12.00
# Visual Studio Version 16
VisualStudioVersion = 16.0.30320.27
MinimumVisualStudioVersion = 10.0.40219.1
Project("{9A19103F-16F7-4668-BE54-9A1E7A4F7556}") = "ESK.Api.Framework", "ESK\ESK.Api.Framework.csproj", "{5E8C8890-381E-46A8-BBF3-409455E9AAA6}"
EndProject
Global
	GlobalSection(SolutionConfigurationPlatforms) = preSolution
		Debug|Any CPU = Debug|Any CPU
		Release|Any CPU = Release|Any CPU
	EndGlobalSection
	GlobalSection(ProjectConfigurationPlatforms) = postSolution
		{5E8C8890-381E-46A8-BBF3-409455E9AAA6}.Debug|Any CPU.ActiveCfg = Debug|Any CPU
		{5E8C8890-381E-46A8-BBF3-409455E9AAA6}.Debug|Any CPU.Build.0 = Debug|Any CPU
		{5E8C8890-381E-46A8-BBF3-409455E9AAA6}.Release|Any CPU.ActiveCfg = Release|Any CPU
		{5E8C8890-381E-46A8-BBF3-409455E9AAA6}.Release|Any CPU.Build.0 = Release|Any CPU
	EndGlobalSection
	GlobalSection(SolutionProperties) = preSolution
		HideSolutionNode = FALSE
	EndGlobalSection
	GlobalSection(ExtensibilityGlobals) = postSolution
		SolutionGuid = {03C725F5-DE66-4639-886D-7BF8AE6B8E4A}
	EndGlobalSection
EndGlobal
